// !$*UTF8*$!
{
	archiveVersion = 1;
	classes = {
	};
	objectVersion = 48;
	objects = {

/* Begin PBXBuildFile section */
		1844CC2A1FB0B37000A01A76 /* AppDelegate.swift in Sources */ = {isa = PBXBuildFile; fileRef = 1844CC291FB0B37000A01A76 /* AppDelegate.swift */; };
		1844CC2F1FB0B37000A01A76 /* Main.storyboard in Resources */ = {isa = PBXBuildFile; fileRef = 1844CC2D1FB0B37000A01A76 /* Main.storyboard */; };
		1844CC321FB0B37000A01A76 /* Travelling_Salesman.xcdatamodeld in Sources */ = {isa = PBXBuildFile; fileRef = 1844CC301FB0B37000A01A76 /* Travelling_Salesman.xcdatamodeld */; };
		1844CC341FB0B37000A01A76 /* Assets.xcassets in Resources */ = {isa = PBXBuildFile; fileRef = 1844CC331FB0B37000A01A76 /* Assets.xcassets */; };
		1844CC371FB0B37000A01A76 /* LaunchScreen.storyboard in Resources */ = {isa = PBXBuildFile; fileRef = 1844CC351FB0B37000A01A76 /* LaunchScreen.storyboard */; };
		1844CC481FB0B64D00A01A76 /* ProblemViewController.swift in Sources */ = {isa = PBXBuildFile; fileRef = 1844CC461FB0B64D00A01A76 /* ProblemViewController.swift */; };
		1844CC4C1FB0B66100A01A76 /* HistoryViewController.swift in Sources */ = {isa = PBXBuildFile; fileRef = 1844CC4A1FB0B66100A01A76 /* HistoryViewController.swift */; };
/* End PBXBuildFile section */

/* Begin PBXFileReference section */
		1844CC261FB0B37000A01A76 /* Travelling Salesman.app */ = {isa = PBXFileReference; explicitFileType = wrapper.application; includeInIndex = 0; path = "Travelling Salesman.app"; sourceTree = BUILT_PRODUCTS_DIR; };
		1844CC291FB0B37000A01A76 /* AppDelegate.swift */ = {isa = PBXFileReference; lastKnownFileType = sourcecode.swift; path = AppDelegate.swift; sourceTree = "<group>"; };
		1844CC2E1FB0B37000A01A76 /* Base */ = {isa = PBXFileReference; lastKnownFileType = file.storyboard; name = Base; path = Base.lproj/Main.storyboard; sourceTree = "<group>"; };
		1844CC311FB0B37000A01A76 /* Travelling_Salesman.xcdatamodel */ = {isa = PBXFileReference; lastKnownFileType = wrapper.xcdatamodel; path = Travelling_Salesman.xcdatamodel; sourceTree = "<group>"; };
		1844CC331FB0B37000A01A76 /* Assets.xcassets */ = {isa = PBXFileReference; lastKnownFileType = folder.assetcatalog; path = Assets.xcassets; sourceTree = "<group>"; };
		1844CC361FB0B37000A01A76 /* Base */ = {isa = PBXFileReference; lastKnownFileType = file.storyboard; name = Base; path = Base.lproj/LaunchScreen.storyboard; sourceTree = "<group>"; };
		1844CC381FB0B37000A01A76 /* Info.plist */ = {isa = PBXFileReference; lastKnownFileType = text.plist.xml; path = Info.plist; sourceTree = "<group>"; };
		1844CC461FB0B64D00A01A76 /* ProblemViewController.swift */ = {isa = PBXFileReference; lastKnownFileType = sourcecode.swift; path = ProblemViewController.swift; sourceTree = "<group>"; };
		1844CC4A1FB0B66100A01A76 /* HistoryViewController.swift */ = {isa = PBXFileReference; lastKnownFileType = sourcecode.swift; path = HistoryViewController.swift; sourceTree = "<group>"; };
/* End PBXFileReference section */

/* Begin PBXFrameworksBuildPhase section */
		1844CC231FB0B37000A01A76 /* Frameworks */ = {
			isa = PBXFrameworksBuildPhase;
			buildActionMask = 2147483647;
			files = (
			);
			runOnlyForDeploymentPostprocessing = 0;
		};
/* End PBXFrameworksBuildPhase section */

/* Begin PBXGroup section */
		1844CC1D1FB0B37000A01A76 = {
			isa = PBXGroup;
			children = (
				1844CC281FB0B37000A01A76 /* Travelling Salesman */,
				1844CC271FB0B37000A01A76 /* Products */,
			);
			sourceTree = "<group>";
		};
		1844CC271FB0B37000A01A76 /* Products */ = {
			isa = PBXGroup;
			children = (
				1844CC261FB0B37000A01A76 /* Travelling Salesman.app */,
			);
			name = Products;
			sourceTree = "<group>";
		};
		1844CC281FB0B37000A01A76 /* Travelling Salesman */ = {
			isa = PBXGroup;
			children = (
				1844CC291FB0B37000A01A76 /* AppDelegate.swift */,
				1844CC461FB0B64D00A01A76 /* ProblemViewController.swift */,
				1844CC4A1FB0B66100A01A76 /* HistoryViewController.swift */,
				1844CC2D1FB0B37000A01A76 /* Main.storyboard */,
				1844CC331FB0B37000A01A76 /* Assets.xcassets */,
				1844CC351FB0B37000A01A76 /* LaunchScreen.storyboard */,
				1844CC381FB0B37000A01A76 /* Info.plist */,
				1844CC301FB0B37000A01A76 /* Travelling_Salesman.xcdatamodeld */,
			);
			path = "Travelling Salesman";
			sourceTree = "<group>";
		};
/* End PBXGroup section */

/* Begin PBXNativeTarget section */
		1844CC251FB0B37000A01A76 /* Travelling Salesman */ = {
			isa = PBXNativeTarget;
			buildConfigurationList = 1844CC3B1FB0B37000A01A76 /* Build configuration list for PBXNativeTarget "Travelling Salesman" */;
			buildPhases = (
				1844CC221FB0B37000A01A76 /* Sources */,
				1844CC231FB0B37000A01A76 /* Frameworks */,
				1844CC241FB0B37000A01A76 /* Resources */,
			);
			buildRules = (
			);
			dependencies = (
			);
			name = "Travelling Salesman";
			productName = "Travelling Salesman";
			productReference = 1844CC261FB0B37000A01A76 /* Travelling Salesman.app */;
			productType = "com.apple.product-type.application";
		};
/* End PBXNativeTarget section */

/* Begin PBXProject section */
		1844CC1E1FB0B37000A01A76 /* Project object */ = {
			isa = PBXProject;
			attributes = {
				LastSwiftUpdateCheck = 0900;
				LastUpgradeCheck = 0900;
				ORGANIZATIONNAME = "Maria Semakova";
				TargetAttributes = {
					1844CC251FB0B37000A01A76 = {
						CreatedOnToolsVersion = 9.0.1;
						ProvisioningStyle = Automatic;
					};
				};
			};
			buildConfigurationList = 1844CC211FB0B37000A01A76 /* Build configuration list for PBXProject "Travelling Salesman" */;
			compatibilityVersion = "Xcode 8.0";
			developmentRegion = en;
			hasScannedForEncodings = 0;
			knownRegions = (
				en,
				Base,
			);
			mainGroup = 1844CC1D1FB0B37000A01A76;
			productRefGroup = 1844CC271FB0B37000A01A76 /* Products */;
			projectDirPath = "";
			projectRoot = "";
			targets = (
				1844CC251FB0B37000A01A76 /* Travelling Salesman */,
			);
		};
/* End PBXProject section */

/* Begin PBXResourcesBuildPhase section */
		1844CC241FB0B37000A01A76 /* Resources */ = {
			isa = PBXResourcesBuildPhase;
			buildActionMask = 2147483647;
			files = (
				1844CC371FB0B37000A01A76 /* LaunchScreen.storyboard in Resources */,
				1844CC341FB0B37000A01A76 /* Assets.xcassets in Resources */,
				1844CC2F1FB0B37000A01A76 /* Main.storyboard in Resources */,
			);
			runOnlyForDeploymentPostprocessing = 0;
		};
/* End PBXResourcesBuildPhase section */

/* Begin PBXSourcesBuildPhase section */
		1844CC221FB0B37000A01A76 /* Sources */ = {
			isa = PBXSourcesBuildPhase;
			buildActionMask = 2147483647;
			files = (
				1844CC321FB0B37000A01A76 /* Travelling_Salesman.xcdatamodeld in Sources */,
				1844CC481FB0B64D00A01A76 /* ProblemViewController.swift in Sources */,
				1844CC2A1FB0B37000A01A76 /* AppDelegate.swift in Sources */,
				1844CC4C1FB0B66100A01A76 /* HistoryViewController.swift in Sources */,
			);
			runOnlyForDeploymentPostprocessing = 0;
		};
/* End PBXSourcesBuildPhase section */

/* Begin PBXVariantGroup section */
		1844CC2D1FB0B37000A01A76 /* Main.storyboard */ = {
			isa = PBXVariantGroup;
			children = (
				1844CC2E1FB0B37000A01A76 /* Base */,
			);
			name = Main.storyboard;
			sourceTree = "<group>";
		};
		1844CC351FB0B37000A01A76 /* LaunchScreen.storyboard */ = {
			isa = PBXVariantGroup;
			children = (
				1844CC361FB0B37000A01A76 /* Base */,
			);
			name = LaunchScreen.storyboard;
			sourceTree = "<group>";
		};
/* End PBXVariantGroup section */

/* Begin XCBuildConfiguration section */
		1844CC391FB0B37000A01A76 /* Debug */ = {
			isa = XCBuildConfiguration;
			buildSettings = {
				ALWAYS_SEARCH_USER_PATHS = NO;
				CLANG_ANALYZER_NONNULL = YES;
				CLANG_ANALYZER_NUMBER_OBJECT_CONVERSION = YES_AGGRESSIVE;
				CLANG_CXX_LANGUAGE_STANDARD = "gnu++14";
				CLANG_CXX_LIBRARY = "libc++";
				CLANG_ENABLE_MODULES = YES;
				CLANG_ENABLE_OBJC_ARC = YES;
				CLANG_WARN_BLOCK_CAPTURE_AUTORELEASING = YES;
				CLANG_WARN_BOOL_CONVERSION = YES;
				CLANG_WARN_COMMA = YES;
				CLANG_WARN_CONSTANT_CONVERSION = YES;
				CLANG_WARN_DIRECT_OBJC_ISA_USAGE = YES_ERROR;
				CLANG_WARN_DOCUMENTATION_COMMENTS = YES;
				CLANG_WARN_EMPTY_BODY = YES;
				CLANG_WARN_ENUM_CONVERSION = YES;
				CLANG_WARN_INFINITE_RECURSION = YES;
				CLANG_WARN_INT_CONVERSION = YES;
				CLANG_WARN_NON_LITERAL_NULL_CONVERSION = YES;
				CLANG_WARN_OBJC_LITERAL_CONVERSION = YES;
				CLANG_WARN_OBJC_ROOT_CLASS = YES_ERROR;
				CLANG_WARN_RANGE_LOOP_ANALYSIS = YES;
				CLANG_WARN_STRICT_PROTOTYPES = YES;
				CLANG_WARN_SUSPICIOUS_MOVE = YES;
				CLANG_WARN_UNGUARDED_AVAILABILITY = YES_AGGRESSIVE;
				CLANG_WARN_UNREACHABLE_CODE = YES;
				CLANG_WARN__DUPLICATE_METHOD_MATCH = YES;
				CODE_SIGN_IDENTITY = "iPhone Developer";
				COPY_PHASE_STRIP = NO;
				DEBUG_INFORMATION_FORMAT = dwarf;
				ENABLE_STRICT_OBJC_MSGSEND = YES;
				ENABLE_TESTABILITY = YES;
				GCC_C_LANGUAGE_STANDARD = gnu11;
				GCC_DYNAMIC_NO_PIC = NO;
				GCC_NO_COMMON_BLOCKS = YES;
				GCC_OPTIMIZATION_LEVEL = 0;
				GCC_PREPROCESSOR_DEFINITIONS = (
					"DEBUG=1",
					"$(inherited)",
				);
				GCC_WARN_64_TO_32_BIT_CONVERSION = YES;
				GCC_WARN_ABOUT_RETURN_TYPE = YES_ERROR;
				GCC_WARN_UNDECLARED_SELECTOR = YES;
				GCC_WARN_UNINITIALIZED_AUTOS = YES_AGGRESSIVE;
				GCC_WARN_UNUSED_FUNCTION = YES;
				GCC_WARN_UNUSED_VARIABLE = YES;
				IPHONEOS_DEPLOYMENT_TARGET = 11.0;
				MTL_ENABLE_DEBUG_INFO = YES;
				ONLY_ACTIVE_ARCH = YES;
				SDKROOT = iphoneos;
				SWIFT_ACTIVE_COMPILATION_CONDITIONS = DEBUG;
				SWIFT_OPTIMIZATION_LEVEL = "-Onone";
			};
			name = Debug;
		};
		1844CC3A1FB0B37000A01A76 /* Release */ = {
			isa = XCBuildConfiguration;
			buildSettings = {
				ALWAYS_SEARCH_USER_PATHS = NO;
				CLANG_ANALYZER_NONNULL = YES;
				CLANG_ANALYZER_NUMBER_OBJECT_CONVERSION = YES_AGGRESSIVE;
				CLANG_CXX_LANGUAGE_STANDARD = "gnu++14";
				CLANG_CXX_LIBRARY = "libc++";
				CLANG_ENABLE_MODULES = YES;
				CLANG_ENABLE_OBJC_ARC = YES;
				CLANG_WARN_BLOCK_CAPTURE_AUTORELEASING = YES;
				CLANG_WARN_BOOL_CONVERSION = YES;
				CLANG_WARN_COMMA = YES;
				CLANG_WARN_CONSTANT_CONVERSION = YES;
				CLANG_WARN_DIRECT_OBJC_ISA_USAGE = YES_ERROR;
				CLANG_WARN_DOCUMENTATION_COMMENTS = YES;
				CLANG_WARN_EMPTY_BODY = YES;
				CLANG_WARN_ENUM_CONVERSION = YES;
				CLANG_WARN_INFINITE_RECURSION = YES;
				CLANG_WARN_INT_CONVERSION = YES;
				CLANG_WARN_NON_LITERAL_NULL_CONVERSION = YES;
				CLANG_WARN_OBJC_LITERAL_CONVERSION = YES;
				CLANG_WARN_OBJC_ROOT_CLASS = YES_ERROR;
				CLANG_WARN_RANGE_LOOP_ANALYSIS = YES;
				CLANG_WARN_STRICT_PROTOTYPES = YES;
				CLANG_WARN_SUSPICIOUS_MOVE = YES;
				CLANG_WARN_UNGUARDED_AVAILABILITY = YES_AGGRESSIVE;
				CLANG_WARN_UNREACHABLE_CODE = YES;
				CLANG_WARN__DUPLICATE_METHOD_MATCH = YES;
				CODE_SIGN_IDENTITY = "iPhone Developer";
				COPY_PHASE_STRIP = NO;
				DEBUG_INFORMATION_FORMAT = "dwarf-with-dsym";
				ENABLE_NS_ASSERTIONS = NO;
				ENABLE_STRICT_OBJC_MSGSEND = YES;
				GCC_C_LANGUAGE_STANDARD = gnu11;
				GCC_NO_COMMON_BLOCKS = YES;
				GCC_WARN_64_TO_32_BIT_CONVERSION = YES;
				GCC_WARN_ABOUT_RETURN_TYPE = YES_ERROR;
				GCC_WARN_UNDECLARED_SELECTOR = YES;
				GCC_WARN_UNINITIALIZED_AUTOS = YES_AGGRESSIVE;
				GCC_WARN_UNUSED_FUNCTION = YES;
				GCC_WARN_UNUSED_VARIABLE = YES;
				IPHONEOS_DEPLOYMENT_TARGET = 11.0;
				MTL_ENABLE_DEBUG_INFO = NO;
				SDKROOT = iphoneos;
				SWIFT_OPTIMIZATION_LEVEL = "-Owholemodule";
				VALIDATE_PRODUCT = YES;
			};
			name = Release;
		};
		1844CC3C1FB0B37000A01A76 /* Debug */ = {
			isa = XCBuildConfiguration;
			buildSettings = {
				ASSETCATALOG_COMPILER_APPICON_NAME = AppIcon;
				CODE_SIGN_STYLE = Automatic;
				DEVELOPMENT_TEAM = 5R44JKFPWH;
				INFOPLIST_FILE = "Travelling Salesman/Info.plist";
				LD_RUNPATH_SEARCH_PATHS = "$(inherited) @executable_path/Frameworks";
				PRODUCT_BUNDLE_IDENTIFIER = "Maria-Semakova.Travelling-Salesman";
				PRODUCT_NAME = "$(TARGET_NAME)";
				SWIFT_VERSION = 4.0;
				TARGETED_DEVICE_FAMILY = "1,2";
			};
			name = Debug;
		};
		1844CC3D1FB0B37000A01A76 /* Release */ = {
			isa = XCBuildConfiguration;
			buildSettings = {
				ASSETCATALOG_COMPILER_APPICON_NAME = AppIcon;
				CODE_SIGN_STYLE = Automatic;
				DEVELOPMENT_TEAM = 5R44JKFPWH;
				INFOPLIST_FILE = "Travelling Salesman/Info.plist";
				LD_RUNPATH_SEARCH_PATHS = "$(inherited) @executable_path/Frameworks";
				PRODUCT_BUNDLE_IDENTIFIER = "Maria-Semakova.Travelling-Salesman";
				PRODUCT_NAME = "$(TARGET_NAME)";
				SWIFT_VERSION = 4.0;
				TARGETED_DEVICE_FAMILY = "1,2";
			};
			name = Release;
		};
/* End XCBuildConfiguration section */

/* Begin XCConfigurationList section */
		1844CC211FB0B37000A01A76 /* Build configuration list for PBXProject "Travelling Salesman" */ = {
			isa = XCConfigurationList;
			buildConfigurations = (
				1844CC391FB0B37000A01A76 /* Debug */,
				1844CC3A1FB0B37000A01A76 /* Release */,
			);
			defaultConfigurationIsVisible = 0;
			defaultConfigurationName = Release;
		};
		1844CC3B1FB0B37000A01A76 /* Build configuration list for PBXNativeTarget "Travelling Salesman" */ = {
			isa = XCConfigurationList;
			buildConfigurations = (
				1844CC3C1FB0B37000A01A76 /* Debug */,
				1844CC3D1FB0B37000A01A76 /* Release */,
			);
			defaultConfigurationIsVisible = 0;
			defaultConfigurationName = Release;
		};
/* End XCConfigurationList section */

/* Begin XCVersionGroup section */
		1844CC301FB0B37000A01A76 /* Travelling_Salesman.xcdatamodeld */ = {
			isa = XCVersionGroup;
			children = (
				1844CC311FB0B37000A01A76 /* Travelling_Salesman.xcdatamodel */,
			);
			currentVersion = 1844CC311FB0B37000A01A76 /* Travelling_Salesman.xcdatamodel */;
			path = Travelling_Salesman.xcdatamodeld;
			sourceTree = "<group>";
			versionGroupType = wrapper.xcdatamodel;
		};
/* End XCVersionGroup section */
	};
	rootObject = 1844CC1E1FB0B37000A01A76 /* Project object */;
}
